
Microsoft Visual Studio Solution File, Format Version 12.00
# Visual Studio Version 17
VisualStudioVersion = 17.14.36221.1 d17.14
MinimumVisualStudioVersion = 10.0.40219.1
Project("{FAE04EC0-301F-11D3-BF4B-00C04F79EFBC}") = "CustomerAI.Core", "CustomerAI.Core\CustomerAI.Core.csproj", "{1699C177-6A1E-4774-BFE2-4904EF1392A7}"
EndProject
Project("{FAE04EC0-301F-11D3-BF4B-00C04F79EFBC}") = "CustomerAI.Data", "CustomerAI.Data\CustomerAI.Data.csproj", "{6CC7AE2E-0AD0-4D39-90CB-C3873CF1A231}"
EndProject
Project("{FAE04EC0-301F-11D3-BF4B-00C04F79EFBC}") = "CustomerAI.Services", "CustomerAI.Services\CustomerAI.Services.csproj", "{2E8963A8-83B8-434C-920C-C4E76019B842}"
EndProject
Project("{FAE04EC0-301F-11D3-BF4B-00C04F79EFBC}") = "CustomerAI.API", "CustomerAI.API\CustomerAI.API.csproj", "{A12D597E-9BD6-41E6-9545-004EA67B024E}"
EndProject
Global
	GlobalSection(SolutionConfigurationPlatforms) = preSolution
		Debug|Any CPU = Debug|Any CPU
		Release|Any CPU = Release|Any CPU
	EndGlobalSection
	GlobalSection(ProjectConfigurationPlatforms) = postSolution
		{1699C177-6A1E-4774-BFE2-4904EF1392A7}.Debug|Any CPU.ActiveCfg = Debug|Any CPU
		{1699C177-6A1E-4774-BFE2-4904EF1392A7}.Debug|Any CPU.Build.0 = Debug|Any CPU
		{1699C177-6A1E-4774-BFE2-4904EF1392A7}.Release|Any CPU.ActiveCfg = Release|Any CPU
		{1699C177-6A1E-4774-BFE2-4904EF1392A7}.Release|Any CPU.Build.0 = Release|Any CPU
		{6CC7AE2E-0AD0-4D39-90CB-C3873CF1A231}.Debug|Any CPU.ActiveCfg = Debug|Any CPU
		{6CC7AE2E-0AD0-4D39-90CB-C3873CF1A231}.Debug|Any CPU.Build.0 = Debug|Any CPU
		{6CC7AE2E-0AD0-4D39-90CB-C3873CF1A231}.Release|Any CPU.ActiveCfg = Release|Any CPU
		{6CC7AE2E-0AD0-4D39-90CB-C3873CF1A231}.Release|Any CPU.Build.0 = Release|Any CPU
		{2E8963A8-83B8-434C-920C-C4E76019B842}.Debug|Any CPU.ActiveCfg = Debug|Any CPU
		{2E8963A8-83B8-434C-920C-C4E76019B842}.Debug|Any CPU.Build.0 = Debug|Any CPU
		{2E8963A8-83B8-434C-920C-C4E76019B842}.Release|Any CPU.ActiveCfg = Release|Any CPU
		{2E8963A8-83B8-434C-920C-C4E76019B842}.Release|Any CPU.Build.0 = Release|Any CPU
		{A12D597E-9BD6-41E6-9545-004EA67B024E}.Debug|Any CPU.ActiveCfg = Debug|Any CPU
		{A12D597E-9BD6-41E6-9545-004EA67B024E}.Debug|Any CPU.Build.0 = Debug|Any CPU
		{A12D597E-9BD6-41E6-9545-004EA67B024E}.Release|Any CPU.ActiveCfg = Release|Any CPU
		{A12D597E-9BD6-41E6-9545-004EA67B024E}.Release|Any CPU.Build.0 = Release|Any CPU
	EndGlobalSection
	GlobalSection(SolutionProperties) = preSolution
		HideSolutionNode = FALSE
	EndGlobalSection
	GlobalSection(ExtensibilityGlobals) = postSolution
		SolutionGuid = {329DADD4-7E69-46EB-AF2C-3174AD9C0621}
	EndGlobalSection
EndGlobal
